// !$*UTF8*$!
{
	archiveVersion = 1;
	classes = {
	};
	objectVersion = 46;
	objects = {

/* Begin PBXBuildFile section */
		ED74729219E4AB9C00C6ACC8 /* AppDelegate.swift in Sources */ = {isa = PBXBuildFile; fileRef = ED74729119E4AB9C00C6ACC8 /* AppDelegate.swift */; };
		ED74729419E4AB9C00C6ACC8 /* ViewController.swift in Sources */ = {isa = PBXBuildFile; fileRef = ED74729319E4AB9C00C6ACC8 /* ViewController.swift */; };
		ED74729719E4AB9C00C6ACC8 /* Main.storyboard in Resources */ = {isa = PBXBuildFile; fileRef = ED74729519E4AB9C00C6ACC8 /* Main.storyboard */; };
		ED74729919E4AB9C00C6ACC8 /* Images.xcassets in Resources */ = {isa = PBXBuildFile; fileRef = ED74729819E4AB9C00C6ACC8 /* Images.xcassets */; };
		ED74729C19E4AB9C00C6ACC8 /* LaunchScreen.xib in Resources */ = {isa = PBXBuildFile; fileRef = ED74729A19E4AB9C00C6ACC8 /* LaunchScreen.xib */; };
		ED7472A819E4AB9C00C6ACC8 /* Day_TwoTests.swift in Sources */ = {isa = PBXBuildFile; fileRef = ED7472A719E4AB9C00C6ACC8 /* Day_TwoTests.swift */; };
/* End PBXBuildFile section */

/* Begin PBXContainerItemProxy section */
		ED7472A219E4AB9C00C6ACC8 /* PBXContainerItemProxy */ = {
			isa = PBXContainerItemProxy;
			containerPortal = ED74728419E4AB9C00C6ACC8 /* Project object */;
			proxyType = 1;
			remoteGlobalIDString = ED74728B19E4AB9C00C6ACC8;
			remoteInfo = "Day Two";
		};
/* End PBXContainerItemProxy section */

/* Begin PBXFileReference section */
		ED74728C19E4AB9C00C6ACC8 /* Day Two.app */ = {isa = PBXFileReference; explicitFileType = wrapper.application; includeInIndex = 0; path = "Day Two.app"; sourceTree = BUILT_PRODUCTS_DIR; };
		ED74729019E4AB9C00C6ACC8 /* Info.plist */ = {isa = PBXFileReference; lastKnownFileType = text.plist.xml; path = Info.plist; sourceTree = "<group>"; };
		ED74729119E4AB9C00C6ACC8 /* AppDelegate.swift */ = {isa = PBXFileReference; lastKnownFileType = sourcecode.swift; path = AppDelegate.swift; sourceTree = "<group>"; };
		ED74729319E4AB9C00C6ACC8 /* ViewController.swift */ = {isa = PBXFileReference; lastKnownFileType = sourcecode.swift; path = ViewController.swift; sourceTree = "<group>"; };
		ED74729619E4AB9C00C6ACC8 /* Base */ = {isa = PBXFileReference; lastKnownFileType = file.storyboard; name = Base; path = Base.lproj/Main.storyboard; sourceTree = "<group>"; };
		ED74729819E4AB9C00C6ACC8 /* Images.xcassets */ = {isa = PBXFileReference; lastKnownFileType = folder.assetcatalog; path = Images.xcassets; sourceTree = "<group>"; };
		ED74729B19E4AB9C00C6ACC8 /* Base */ = {isa = PBXFileReference; lastKnownFileType = file.xib; name = Base; path = Base.lproj/LaunchScreen.xib; sourceTree = "<group>"; };
		ED7472A119E4AB9C00C6ACC8 /* Day TwoTests.xctest */ = {isa = PBXFileReference; explicitFileType = wrapper.cfbundle; includeInIndex = 0; path = "Day TwoTests.xctest"; sourceTree = BUILT_PRODUCTS_DIR; };
		ED7472A619E4AB9C00C6ACC8 /* Info.plist */ = {isa = PBXFileReference; lastKnownFileType = text.plist.xml; path = Info.plist; sourceTree = "<group>"; };
		ED7472A719E4AB9C00C6ACC8 /* Day_TwoTests.swift */ = {isa = PBXFileReference; lastKnownFileType = sourcecode.swift; path = Day_TwoTests.swift; sourceTree = "<group>"; };
/* End PBXFileReference section */

/* Begin PBXFrameworksBuildPhase section */
		ED74728919E4AB9C00C6ACC8 /* Frameworks */ = {
			isa = PBXFrameworksBuildPhase;
			buildActionMask = 2147483647;
			files = (
			);
			runOnlyForDeploymentPostprocessing = 0;
		};
		ED74729E19E4AB9C00C6ACC8 /* Frameworks */ = {
			isa = PBXFrameworksBuildPhase;
			buildActionMask = 2147483647;
			files = (
			);
			runOnlyForDeploymentPostprocessing = 0;
		};
/* End PBXFrameworksBuildPhase section */

/* Begin PBXGroup section */
		ED74728319E4AB9C00C6ACC8 = {
			isa = PBXGroup;
			children = (
				ED74728E19E4AB9C00C6ACC8 /* Day Two */,
				ED7472A419E4AB9C00C6ACC8 /* Day TwoTests */,
				ED74728D19E4AB9C00C6ACC8 /* Products */,
			);
			sourceTree = "<group>";
		};
		ED74728D19E4AB9C00C6ACC8 /* Products */ = {
			isa = PBXGroup;
			children = (
				ED74728C19E4AB9C00C6ACC8 /* Day Two.app */,
				ED7472A119E4AB9C00C6ACC8 /* Day TwoTests.xctest */,
			);
			name = Products;
			sourceTree = "<group>";
		};
		ED74728E19E4AB9C00C6ACC8 /* Day Two */ = {
			isa = PBXGroup;
			children = (
				ED74729119E4AB9C00C6ACC8 /* AppDelegate.swift */,
				ED74729319E4AB9C00C6ACC8 /* ViewController.swift */,
				ED74729519E4AB9C00C6ACC8 /* Main.storyboard */,
				ED74729819E4AB9C00C6ACC8 /* Images.xcassets */,
				ED74729A19E4AB9C00C6ACC8 /* LaunchScreen.xib */,
				ED74728F19E4AB9C00C6ACC8 /* Supporting Files */,
			);
			path = "Day Two";
			sourceTree = "<group>";
		};
		ED74728F19E4AB9C00C6ACC8 /* Supporting Files */ = {
			isa = PBXGroup;
			children = (
				ED74729019E4AB9C00C6ACC8 /* Info.plist */,
			);
			name = "Supporting Files";
			sourceTree = "<group>";
		};
		ED7472A419E4AB9C00C6ACC8 /* Day TwoTests */ = {
			isa = PBXGroup;
			children = (
				ED7472A719E4AB9C00C6ACC8 /* Day_TwoTests.swift */,
				ED7472A519E4AB9C00C6ACC8 /* Supporting Files */,
			);
			path = "Day TwoTests";
			sourceTree = "<group>";
		};
		ED7472A519E4AB9C00C6ACC8 /* Supporting Files */ = {
			isa = PBXGroup;
			children = (
				ED7472A619E4AB9C00C6ACC8 /* Info.plist */,
			);
			name = "Supporting Files";
			sourceTree = "<group>";
		};
/* End PBXGroup section */

/* Begin PBXNativeTarget section */
		ED74728B19E4AB9C00C6ACC8 /* Day Two */ = {
			isa = PBXNativeTarget;
			buildConfigurationList = ED7472AB19E4AB9C00C6ACC8 /* Build configuration list for PBXNativeTarget "Day Two" */;
			buildPhases = (
				ED74728819E4AB9C00C6ACC8 /* Sources */,
				ED74728919E4AB9C00C6ACC8 /* Frameworks */,
				ED74728A19E4AB9C00C6ACC8 /* Resources */,
			);
			buildRules = (
			);
			dependencies = (
			);
			name = "Day Two";
			productName = "Day Two";
			productReference = ED74728C19E4AB9C00C6ACC8 /* Day Two.app */;
			productType = "com.apple.product-type.application";
		};
		ED7472A019E4AB9C00C6ACC8 /* Day TwoTests */ = {
			isa = PBXNativeTarget;
			buildConfigurationList = ED7472AE19E4AB9C00C6ACC8 /* Build configuration list for PBXNativeTarget "Day TwoTests" */;
			buildPhases = (
				ED74729D19E4AB9C00C6ACC8 /* Sources */,
				ED74729E19E4AB9C00C6ACC8 /* Frameworks */,
				ED74729F19E4AB9C00C6ACC8 /* Resources */,
			);
			buildRules = (
			);
			dependencies = (
				ED7472A319E4AB9C00C6ACC8 /* PBXTargetDependency */,
			);
			name = "Day TwoTests";
			productName = "Day TwoTests";
			productReference = ED7472A119E4AB9C00C6ACC8 /* Day TwoTests.xctest */;
			productType = "com.apple.product-type.bundle.unit-test";
		};
/* End PBXNativeTarget section */

/* Begin PBXProject section */
		ED74728419E4AB9C00C6ACC8 /* Project object */ = {
			isa = PBXProject;
			attributes = {
				LastUpgradeCheck = 0610;
				ORGANIZATIONNAME = "Blue Spell";
				TargetAttributes = {
					ED74728B19E4AB9C00C6ACC8 = {
						CreatedOnToolsVersion = 6.1;
					};
					ED7472A019E4AB9C00C6ACC8 = {
						CreatedOnToolsVersion = 6.1;
						TestTargetID = ED74728B19E4AB9C00C6ACC8;
					};
				};
			};
			buildConfigurationList = ED74728719E4AB9C00C6ACC8 /* Build configuration list for PBXProject "Day Two" */;
			compatibilityVersion = "Xcode 3.2";
			developmentRegion = English;
			hasScannedForEncodings = 0;
			knownRegions = (
				en,
				Base,
			);
			mainGroup = ED74728319E4AB9C00C6ACC8;
			productRefGroup = ED74728D19E4AB9C00C6ACC8 /* Products */;
			projectDirPath = "";
			projectRoot = "";
			targets = (
				ED74728B19E4AB9C00C6ACC8 /* Day Two */,
				ED7472A019E4AB9C00C6ACC8 /* Day TwoTests */,
			);
		};
/* End PBXProject section */

/* Begin PBXResourcesBuildPhase section */
		ED74728A19E4AB9C00C6ACC8 /* Resources */ = {
			isa = PBXResourcesBuildPhase;
			buildActionMask = 2147483647;
			files = (
				ED74729719E4AB9C00C6ACC8 /* Main.storyboard in Resources */,
				ED74729C19E4AB9C00C6ACC8 /* LaunchScreen.xib in Resources */,
				ED74729919E4AB9C00C6ACC8 /* Images.xcassets in Resources */,
			);
			runOnlyForDeploymentPostprocessing = 0;
		};
		ED74729F19E4AB9C00C6ACC8 /* Resources */ = {
			isa = PBXResourcesBuildPhase;
			buildActionMask = 2147483647;
			files = (
			);
			runOnlyForDeploymentPostprocessing = 0;
		};
/* End PBXResourcesBuildPhase section */

/* Begin PBXSourcesBuildPhase section */
		ED74728819E4AB9C00C6ACC8 /* Sources */ = {
			isa = PBXSourcesBuildPhase;
			buildActionMask = 2147483647;
			files = (
				ED74729419E4AB9C00C6ACC8 /* ViewController.swift in Sources */,
				ED74729219E4AB9C00C6ACC8 /* AppDelegate.swift in Sources */,
			);
			runOnlyForDeploymentPostprocessing = 0;
		};
		ED74729D19E4AB9C00C6ACC8 /* Sources */ = {
			isa = PBXSourcesBuildPhase;
			buildActionMask = 2147483647;
			files = (
				ED7472A819E4AB9C00C6ACC8 /* Day_TwoTests.swift in Sources */,
			);
			runOnlyForDeploymentPostprocessing = 0;
		};
/* End PBXSourcesBuildPhase section */

/* Begin PBXTargetDependency section */
		ED7472A319E4AB9C00C6ACC8 /* PBXTargetDependency */ = {
			isa = PBXTargetDependency;
			target = ED74728B19E4AB9C00C6ACC8 /* Day Two */;
			targetProxy = ED7472A219E4AB9C00C6ACC8 /* PBXContainerItemProxy */;
		};
/* End PBXTargetDependency section */

/* Begin PBXVariantGroup section */
		ED74729519E4AB9C00C6ACC8 /* Main.storyboard */ = {
			isa = PBXVariantGroup;
			children = (
				ED74729619E4AB9C00C6ACC8 /* Base */,
			);
			name = Main.storyboard;
			sourceTree = "<group>";
		};
		ED74729A19E4AB9C00C6ACC8 /* LaunchScreen.xib */ = {
			isa = PBXVariantGroup;
			children = (
				ED74729B19E4AB9C00C6ACC8 /* Base */,
			);
			name = LaunchScreen.xib;
			sourceTree = "<group>";
		};
/* End PBXVariantGroup section */

/* Begin XCBuildConfiguration section */
		ED7472A919E4AB9C00C6ACC8 /* Debug */ = {
			isa = XCBuildConfiguration;
			buildSettings = {
				ALWAYS_SEARCH_USER_PATHS = NO;
				CLANG_CXX_LANGUAGE_STANDARD = "gnu++0x";
				CLANG_CXX_LIBRARY = "libc++";
				CLANG_ENABLE_MODULES = YES;
				CLANG_ENABLE_OBJC_ARC = YES;
				CLANG_WARN_BOOL_CONVERSION = YES;
				CLANG_WARN_CONSTANT_CONVERSION = YES;
				CLANG_WARN_DIRECT_OBJC_ISA_USAGE = YES_ERROR;
				CLANG_WARN_EMPTY_BODY = YES;
				CLANG_WARN_ENUM_CONVERSION = YES;
				CLANG_WARN_INT_CONVERSION = YES;
				CLANG_WARN_OBJC_ROOT_CLASS = YES_ERROR;
				CLANG_WARN_UNREACHABLE_CODE = YES;
				CLANG_WARN__DUPLICATE_METHOD_MATCH = YES;
				"CODE_SIGN_IDENTITY[sdk=iphoneos*]" = "iPhone Developer";
				COPY_PHASE_STRIP = NO;
				ENABLE_STRICT_OBJC_MSGSEND = YES;
				GCC_C_LANGUAGE_STANDARD = gnu99;
				GCC_DYNAMIC_NO_PIC = NO;
				GCC_OPTIMIZATION_LEVEL = 0;
				GCC_PREPROCESSOR_DEFINITIONS = (
					"DEBUG=1",
					"$(inherited)",
				);
				GCC_SYMBOLS_PRIVATE_EXTERN = NO;
				GCC_WARN_64_TO_32_BIT_CONVERSION = YES;
				GCC_WARN_ABOUT_RETURN_TYPE = YES_ERROR;
				GCC_WARN_UNDECLARED_SELECTOR = YES;
				GCC_WARN_UNINITIALIZED_AUTOS = YES_AGGRESSIVE;
				GCC_WARN_UNUSED_FUNCTION = YES;
				GCC_WARN_UNUSED_VARIABLE = YES;
				IPHONEOS_DEPLOYMENT_TARGET = 8.1;
				MTL_ENABLE_DEBUG_INFO = YES;
				ONLY_ACTIVE_ARCH = YES;
				SDKROOT = iphoneos;
				SWIFT_OPTIMIZATION_LEVEL = "-Onone";
			};
			name = Debug;
		};
		ED7472AA19E4AB9C00C6ACC8 /* Release */ = {
			isa = XCBuildConfiguration;
			buildSettings = {
				ALWAYS_SEARCH_USER_PATHS = NO;
				CLANG_CXX_LANGUAGE_STANDARD = "gnu++0x";
				CLANG_CXX_LIBRARY = "libc++";
				CLANG_ENABLE_MODULES = YES;
				CLANG_ENABLE_OBJC_ARC = YES;
				CLANG_WARN_BOOL_CONVERSION = YES;
				CLANG_WARN_CONSTANT_CONVERSION = YES;
				CLANG_WARN_DIRECT_OBJC_ISA_USAGE = YES_ERROR;
				CLANG_WARN_EMPTY_BODY = YES;
				CLANG_WARN_ENUM_CONVERSION = YES;
				CLANG_WARN_INT_CONVERSION = YES;
				CLANG_WARN_OBJC_ROOT_CLASS = YES_ERROR;
				CLANG_WARN_UNREACHABLE_CODE = YES;
				CLANG_WARN__DUPLICATE_METHOD_MATCH = YES;
				"CODE_SIGN_IDENTITY[sdk=iphoneos*]" = "iPhone Developer";
				COPY_PHASE_STRIP = YES;
				ENABLE_NS_ASSERTIONS = NO;
				ENABLE_STRICT_OBJC_MSGSEND = YES;
				GCC_C_LANGUAGE_STANDARD = gnu99;
				GCC_WARN_64_TO_32_BIT_CONVERSION = YES;
				GCC_WARN_ABOUT_RETURN_TYPE = YES_ERROR;
				GCC_WARN_UNDECLARED_SELECTOR = YES;
				GCC_WARN_UNINITIALIZED_AUTOS = YES_AGGRESSIVE;
				GCC_WARN_UNUSED_FUNCTION = YES;
				GCC_WARN_UNUSED_VARIABLE = YES;
				IPHONEOS_DEPLOYMENT_TARGET = 8.1;
				MTL_ENABLE_DEBUG_INFO = NO;
				SDKROOT = iphoneos;
				VALIDATE_PRODUCT = YES;
			};
			name = Release;
		};
		ED7472AC19E4AB9C00C6ACC8 /* Debug */ = {
			isa = XCBuildConfiguration;
			buildSettings = {
				ASSETCATALOG_COMPILER_APPICON_NAME = AppIcon;
				INFOPLIST_FILE = "Day Two/Info.plist";
				LD_RUNPATH_SEARCH_PATHS = "$(inherited) @executable_path/Frameworks";
				PRODUCT_NAME = "$(TARGET_NAME)";
			};
			name = Debug;
		};
		ED7472AD19E4AB9C00C6ACC8 /* Release */ = {
			isa = XCBuildConfiguration;
			buildSettings = {
				ASSETCATALOG_COMPILER_APPICON_NAME = AppIcon;
				INFOPLIST_FILE = "Day Two/Info.plist";
				LD_RUNPATH_SEARCH_PATHS = "$(inherited) @executable_path/Frameworks";
				PRODUCT_NAME = "$(TARGET_NAME)";
			};
			name = Release;
		};
		ED7472AF19E4AB9C00C6ACC8 /* Debug */ = {
			isa = XCBuildConfiguration;
			buildSettings = {
				BUNDLE_LOADER = "$(TEST_HOST)";
				FRAMEWORK_SEARCH_PATHS = (
					"$(SDKROOT)/Developer/Library/Frameworks",
					"$(inherited)",
				);
				GCC_PREPROCESSOR_DEFINITIONS = (
					"DEBUG=1",
					"$(inherited)",
				);
				INFOPLIST_FILE = "Day TwoTests/Info.plist";
				LD_RUNPATH_SEARCH_PATHS = "$(inherited) @executable_path/Frameworks @loader_path/Frameworks";
				PRODUCT_NAME = "$(TARGET_NAME)";
				TEST_HOST = "$(BUILT_PRODUCTS_DIR)/Day Two.app/Day Two";
			};
			name = Debug;
		};
		ED7472B019E4AB9C00C6ACC8 /* Release */ = {
			isa = XCBuildConfiguration;
			buildSettings = {
				BUNDLE_LOADER = "$(TEST_HOST)";
				FRAMEWORK_SEARCH_PATHS = (
					"$(SDKROOT)/Developer/Library/Frameworks",
					"$(inherited)",
				);
				INFOPLIST_FILE = "Day TwoTests/Info.plist";
				LD_RUNPATH_SEARCH_PATHS = "$(inherited) @executable_path/Frameworks @loader_path/Frameworks";
				PRODUCT_NAME = "$(TARGET_NAME)";
				TEST_HOST = "$(BUILT_PRODUCTS_DIR)/Day Two.app/Day Two";
			};
			name = Release;
		};
/* End XCBuildConfiguration section */

/* Begin XCConfigurationList section */
		ED74728719E4AB9C00C6ACC8 /* Build configuration list for PBXProject "Day Two" */ = {
			isa = XCConfigurationList;
			buildConfigurations = (
				ED7472A919E4AB9C00C6ACC8 /* Debug */,
				ED7472AA19E4AB9C00C6ACC8 /* Release */,
			);
			defaultConfigurationIsVisible = 0;
			defaultConfigurationName = Release;
		};
		ED7472AB19E4AB9C00C6ACC8 /* Build configuration list for PBXNativeTarget "Day Two" */ = {
			isa = XCConfigurationList;
			buildConfigurations = (
				ED7472AC19E4AB9C00C6ACC8 /* Debug */,
				ED7472AD19E4AB9C00C6ACC8 /* Release */,
			);
			defaultConfigurationIsVisible = 0;
			defaultConfigurationName = Release;
		};
		ED7472AE19E4AB9C00C6ACC8 /* Build configuration list for PBXNativeTarget "Day TwoTests" */ = {
			isa = XCConfigurationList;
			buildConfigurations = (
				ED7472AF19E4AB9C00C6ACC8 /* Debug */,
				ED7472B019E4AB9C00C6ACC8 /* Release */,
			);
			defaultConfigurationIsVisible = 0;
			defaultConfigurationName = Release;
		};
/* End XCConfigurationList section */
	};
	rootObject = ED74728419E4AB9C00C6ACC8 /* Project object */;
}
